
Microsoft Visual Studio Solution File, Format Version 12.00
# Visual Studio Version 16
VisualStudioVersion = 16.0.30804.86
MinimumVisualStudioVersion = 10.0.40219.1
Project("{9A19103F-16F7-4668-BE54-9A1E7A4F7556}") = "ToDoS", "ToDoS\ToDoS.csproj", "{7A026EA5-E498-4F21-A9FB-FC7C9D8E7C98}"
EndProject
Global
	GlobalSection(SolutionConfigurationPlatforms) = preSolution
		Debug|Any CPU = Debug|Any CPU
		Release|Any CPU = Release|Any CPU
	EndGlobalSection
	GlobalSection(ProjectConfigurationPlatforms) = postSolution
		{7A026EA5-E498-4F21-A9FB-FC7C9D8E7C98}.Debug|Any CPU.ActiveCfg = Debug|Any CPU
		{7A026EA5-E498-4F21-A9FB-FC7C9D8E7C98}.Debug|Any CPU.Build.0 = Debug|Any CPU
		{7A026EA5-E498-4F21-A9FB-FC7C9D8E7C98}.Release|Any CPU.ActiveCfg = Release|Any CPU
		{7A026EA5-E498-4F21-A9FB-FC7C9D8E7C98}.Release|Any CPU.Build.0 = Release|Any CPU
	EndGlobalSection
	GlobalSection(SolutionProperties) = preSolution
		HideSolutionNode = FALSE
	EndGlobalSection
	GlobalSection(ExtensibilityGlobals) = postSolution
		SolutionGuid = {A27251BF-C02D-4F27-BB1A-CF7023C6E789}
	EndGlobalSection
EndGlobal
